
Microsoft Visual Studio Solution File, Format Version 12.00
# Visual Studio Version 17
VisualStudioVersion = 17.9.34310.174
MinimumVisualStudioVersion = 10.0.40219.1
Project("{9A19103F-16F7-4668-BE54-9A1E7A4F7556}") = "Lab1", "Lab1\Lab1.csproj", "{BA2AD8EB-8385-4157-AFD9-0E55934DDF07}"
EndProject
Project("{9A19103F-16F7-4668-BE54-9A1E7A4F7556}") = "Lab1Tests", "Lab1Tests\Lab1Tests.csproj", "{69A48A27-7693-408E-92B7-E6D50C4D952D}"
EndProject
Project("{9A19103F-16F7-4668-BE54-9A1E7A4F7556}") = "Lab1GUI", "Lab1GUI\Lab1GUI.csproj", "{0621CA89-7CF5-486C-86F8-E76B72136AB3}"
EndProject
Global
	GlobalSection(SolutionConfigurationPlatforms) = preSolution
		Debug|Any CPU = Debug|Any CPU
		Release|Any CPU = Release|Any CPU
	EndGlobalSection
	GlobalSection(ProjectConfigurationPlatforms) = postSolution
		{BA2AD8EB-8385-4157-AFD9-0E55934DDF07}.Debug|Any CPU.ActiveCfg = Debug|Any CPU
		{BA2AD8EB-8385-4157-AFD9-0E55934DDF07}.Debug|Any CPU.Build.0 = Debug|Any CPU
		{BA2AD8EB-8385-4157-AFD9-0E55934DDF07}.Release|Any CPU.ActiveCfg = Release|Any CPU
		{BA2AD8EB-8385-4157-AFD9-0E55934DDF07}.Release|Any CPU.Build.0 = Release|Any CPU
		{69A48A27-7693-408E-92B7-E6D50C4D952D}.Debug|Any CPU.ActiveCfg = Debug|Any CPU
		{69A48A27-7693-408E-92B7-E6D50C4D952D}.Debug|Any CPU.Build.0 = Debug|Any CPU
		{69A48A27-7693-408E-92B7-E6D50C4D952D}.Release|Any CPU.ActiveCfg = Release|Any CPU
		{69A48A27-7693-408E-92B7-E6D50C4D952D}.Release|Any CPU.Build.0 = Release|Any CPU
		{0621CA89-7CF5-486C-86F8-E76B72136AB3}.Debug|Any CPU.ActiveCfg = Debug|Any CPU
		{0621CA89-7CF5-486C-86F8-E76B72136AB3}.Debug|Any CPU.Build.0 = Debug|Any CPU
		{0621CA89-7CF5-486C-86F8-E76B72136AB3}.Release|Any CPU.ActiveCfg = Release|Any CPU
		{0621CA89-7CF5-486C-86F8-E76B72136AB3}.Release|Any CPU.Build.0 = Release|Any CPU
	EndGlobalSection
	GlobalSection(SolutionProperties) = preSolution
		HideSolutionNode = FALSE
	EndGlobalSection
	GlobalSection(ExtensibilityGlobals) = postSolution
		SolutionGuid = {A5AF965A-00F2-47B0-97B8-2D4182AACA7F}
	EndGlobalSection
EndGlobal
